version = 1
revision = 3
requires-python = ">=3.10.0"
resolution-markers = [
    "python_full_version >= '3.11' and sys_platform != 'darwin'",
    "python_full_version >= '3.11' and sys_platform == 'darwin'",
    "python_full_version < '3.11' and sys_platform != 'darwin'",
    "python_full_version < '3.11' and sys_platform == 'darwin'",
]

[[package]]
name = "filelock"
version = "3.25.2"
source = { registry = "https://download.pytorch.org/whl/cpu" }
sdist = { url = "https://files.pythonhosted.org/packages/94/b8/00651a0f559862f3bb7d6f7477b192afe3f583cc5e26403b44e59a55ab34/filelock-3.25.2.tar.gz", hash = "sha256:b64ece2b38f4ca29dd3e810287aa8c48182bbecd1ae6e9ae126c9b35f1382694" }
wheels = [
    { url = "https://files.pythonhosted.org/packages/a4/a5/842ae8f0c08b61d6484b52f99a03510a3a72d23141942d216ebe81fefbce/filelock-3.25.2-py3-none-any.whl", hash = "sha256:ca8afb0da15f229774c9ad1b455ed96e85a81373065fb10446672f64444ddf70" },
]

[[package]]
name = "fsspec"
version = "2026.2.0"
source = { registry = "https://download.pytorch.org/whl/cpu" }
sdist = { url = "https://files.pythonhosted.org/packages/51/7c/f60c259dcbf4f0c47cc4ddb8f7720d2dcdc8888c8e5ad84c73ea4531cc5b/fsspec-2026.2.0.tar.gz", hash = "sha256:6544e34b16869f5aacd5b90bdf1a71acb37792ea3ddf6125ee69a22a53fb8bff" }
wheels = [
    { url = "https://files.pythonhosted.org/packages/e6/ab/fb21f4c939bb440104cc2b396d3be1d9b7a9fd3c6c2a53d98c45b3d7c954/fsspec-2026.2.0-py3-none-any.whl", hash = "sha256:98de475b5cb3bd66bedd5c4679e87b4fdfe1a3bf4d707b151b3c07e58c9a2437" },
]

[[package]]
name = "jinja2"
version = "3.1.6"
source = { registry = "https://download.pytorch.org/whl/cpu" }
dependencies = [
    { name = "markupsafe" },
]
wheels = [
    { url = "https://download.pytorch.org/whl/jinja2-3.1.6-py3-none-any.whl" },
]

[[package]]
name = "markupsafe"
version = "3.0.3"
source = { registry = "https://download.pytorch.org/whl/cpu" }
wheels = [
    { url = "https://download.pytorch.org/whl/markupsafe-3.0.3-cp310-cp310-macosx_11_0_arm64.whl" },
    { url = "https://download.pytorch.org/whl/markupsafe-3.0.3-cp310-cp310-manylinux2014_aarch64.manylinux_2_17_aarch64.manylinux_2_28_aarch64.whl" },
    { url = "https://download.pytorch.org/whl/markupsafe-3.0.3-cp310-cp310-manylinux2014_x86_64.manylinux_2_17_x86_64.manylinux_2_28_x86_64.whl" },
    { url = "https://download.pytorch.org/whl/markupsafe-3.0.3-cp310-cp310-win_amd64.whl" },
    { url = "https://download.pytorch.org/whl/markupsafe-3.0.3-cp311-cp311-macosx_11_0_arm64.whl" },
    { url = "https://download.pytorch.org/whl/markupsafe-3.0.3-cp311-cp311-manylinux2014_aarch64.manylinux_2_17_aarch64.manylinux_2_28_aarch64.whl" },
    { url = "https://download.pytorch.org/whl/markupsafe-3.0.3-cp311-cp311-manylinux2014_x86_64.manylinux_2_17_x86_64.manylinux_2_28_x86_64.whl" },
    { url = "https://download.pytorch.org/whl/markupsafe-3.0.3-cp311-cp311-win_amd64.whl" },
    { url = "https://download.pytorch.org/whl/markupsafe-3.0.3-cp312-cp312-macosx_11_0_arm64.whl" },
    { url = "https://download.pytorch.org/whl/markupsafe-3.0.3-cp312-cp312-manylinux2014_aarch64.manylinux_2_17_aarch64.manylinux_2_28_aarch64.whl" },
    { url = "https://download.pytorch.org/whl/markupsafe-3.0.3-cp312-cp312-manylinux2014_x86_64.manylinux_2_17_x86_64.manylinux_2_28_x86_64.whl" },
    { url = "https://download.pytorch.org/whl/markupsafe-3.0.3-cp312-cp312-win_amd64.whl" },
    { url = "https://download.pytorch.org/whl/markupsafe-3.0.3-cp313-cp313-macosx_11_0_arm64.whl" },
    { url = "https://download.pytorch.org/whl/markupsafe-3.0.3-cp313-cp313-manylinux2014_aarch64.manylinux_2_17_aarch64.manylinux_2_28_aarch64.whl" },
    { url = "https://download.pytorch.org/whl/markupsafe-3.0.3-cp313-cp313-manylinux2014_x86_64.manylinux_2_17_x86_64.manylinux_2_28_x86_64.whl" },
    { url = "https://download.pytorch.org/whl/markupsafe-3.0.3-cp313-cp313-win_amd64.whl" },
    { url = "https://download.pytorch.org/whl/markupsafe-3.0.3-cp313-cp313t-macosx_11_0_arm64.whl" },
    { url = "https://download.pytorch.org/whl/markupsafe-3.0.3-cp313-cp313t-manylinux2014_aarch64.manylinux_2_17_aarch64.manylinux_2_28_aarch64.whl" },
    { url = "https://download.pytorch.org/whl/markupsafe-3.0.3-cp313-cp313t-manylinux2014_x86_64.manylinux_2_17_x86_64.manylinux_2_28_x86_64.whl" },
    { url = "https://download.pytorch.org/whl/markupsafe-3.0.3-cp313-cp313t-win_amd64.whl" },
    { url = "https://download.pytorch.org/whl/markupsafe-3.0.3-cp314-cp314-macosx_11_0_arm64.whl" },
    { url = "https://download.pytorch.org/whl/markupsafe-3.0.3-cp314-cp314-manylinux2014_aarch64.manylinux_2_17_aarch64.manylinux_2_28_aarch64.whl" },
    { url = "https://download.pytorch.org/whl/markupsafe-3.0.3-cp314-cp314-manylinux2014_x86_64.manylinux_2_17_x86_64.manylinux_2_28_x86_64.whl" },
    { url = "https://download.pytorch.org/whl/markupsafe-3.0.3-cp314-cp314-win_amd64.whl" },
    { url = "https://download.pytorch.org/whl/markupsafe-3.0.3-cp314-cp314t-macosx_11_0_arm64.whl" },
    { url = "https://download.pytorch.org/whl/markupsafe-3.0.3-cp314-cp314t-manylinux2014_aarch64.manylinux_2_17_aarch64.manylinux_2_28_aarch64.whl" },
    { url = "https://download.pytorch.org/whl/markupsafe-3.0.3-cp314-cp314t-manylinux2014_x86_64.manylinux_2_17_x86_64.manylinux_2_28_x86_64.whl" },
    { url = "https://download.pytorch.org/whl/markupsafe-3.0.3-cp314-cp314t-win_amd64.whl" },
]

[[package]]
name = "mpmath"
version = "1.3.0"
source = { registry = "https://download.pytorch.org/whl/cpu" }
sdist = { url = "https://files.pythonhosted.org/packages/e0/47/dd32fa426cc72114383ac549964eecb20ecfd886d1e5ccf5340b55b02f57/mpmath-1.3.0.tar.gz", hash = "sha256:7a28eb2a9774d00c7bc92411c19a89209d5da7c4c9a9e227be8330a23a25b91f" }
wheels = [
    { url = "https://files.pythonhosted.org/packages/43/e3/7d92a15f894aa0c9c4b49b8ee9ac9850d6e63b03c9c32c0367a13ae62209/mpmath-1.3.0-py3-none-any.whl", hash = "sha256:a0b2b9fe80bbcd81a6647ff13108738cfb482d481d826cc0e02f5b35e5c88d2c" },
]

[[package]]
name = "networkx"
version = "3.4.2"
source = { registry = "https://download.pytorch.org/whl/cpu" }
resolution-markers = [
    "python_full_version < '3.11' and sys_platform != 'darwin'",
    "python_full_version < '3.11' and sys_platform == 'darwin'",
]
sdist = { url = "https://files.pythonhosted.org/packages/fd/1d/06475e1cd5264c0b870ea2cc6fdb3e37177c1e565c43f56ff17a10e3937f/networkx-3.4.2.tar.gz", hash = "sha256:307c3669428c5362aab27c8a1260aa8f47c4e91d3891f48be0141738d8d053e1" }
wheels = [
    { url = "https://files.pythonhosted.org/packages/b9/54/dd730b32ea14ea797530a4479b2ed46a6fb250f682a9cfb997e968bf0261/networkx-3.4.2-py3-none-any.whl", hash = "sha256:df5d4365b724cf81b8c6a7312509d0c22386097011ad1abe274afd5e9d3bbc5f" },
]

[[package]]
name = "networkx"
version = "3.6.1"
source = { registry = "https://download.pytorch.org/whl/cpu" }
resolution-markers = [
    "python_full_version >= '3.11' and sys_platform != 'darwin'",
    "python_full_version >= '3.11' and sys_platform == 'darwin'",
]
sdist = { url = "https://files.pythonhosted.org/packages/6a/51/63fe664f3908c97be9d2e4f1158eb633317598cfa6e1fc14af5383f17512/networkx-3.6.1.tar.gz", hash = "sha256:26b7c357accc0c8cde558ad486283728b65b6a95d85ee1cd66bafab4c8168509" }
wheels = [
    { url = "https://files.pythonhosted.org/packages/9e/c9/b2622292ea83fbb4ec318f5b9ab867d0a28ab43c5717bb85b0a5f6b3b0a4/networkx-3.6.1-py3-none-any.whl", hash = "sha256:d47fbf302e7d9cbbb9e2555a0d267983d2aa476bac30e90dfbe5669bd57f3762" },
]

[[package]]
name = "ppo"
version = "0.1.0"
source = { editable = "." }
dependencies = [
    { name = "torch", version = "2.11.0", source = { registry = "https://download.pytorch.org/whl/cpu" }, marker = "sys_platform == 'darwin'" },
    { name = "torch", version = "2.11.0+cpu", source = { registry = "https://download.pytorch.org/whl/cpu" }, marker = "sys_platform != 'darwin'" },
]

[package.metadata]
requires-dist = [{ name = "torch", index = "https://download.pytorch.org/whl/cpu" }]

[[package]]
name = "setuptools"
version = "70.2.0"
source = { registry = "https://download.pytorch.org/whl/cpu" }
wheels = [
    { url = "https://download.pytorch.org/whl/setuptools-70.2.0-py3-none-any.whl", hash = "sha256:b8b8060bb426838fbe942479c90296ce976249451118ef566a5a0b7d8b78fb05" },
]

[[package]]
name = "sympy"
version = "1.14.0"
source = { registry = "https://download.pytorch.org/whl/cpu" }
dependencies = [
    { name = "mpmath" },
]
sdist = { url = "https://files.pythonhosted.org/packages/83/d3/803453b36afefb7c2bb238361cd4ae6125a569b4db67cd9e79846ba2d68c/sympy-1.14.0.tar.gz", hash = "sha256:d3d3fe8df1e5a0b42f0e7bdf50541697dbe7d23746e894990c030e2b05e72517" }
wheels = [
    { url = "https://files.pythonhosted.org/packages/a2/09/77d55d46fd61b4a135c444fc97158ef34a095e5681d0a6c10b75bf356191/sympy-1.14.0-py3-none-any.whl", hash = "sha256:e091cc3e99d2141a0ba2847328f5479b05d94a6635cb96148ccb3f34671bd8f5" },
]

[[package]]
name = "torch"
version = "2.11.0"
source = { registry = "https://download.pytorch.org/whl/cpu" }
resolution-markers = [
    "python_full_version >= '3.11' and sys_platform == 'darwin'",
    "python_full_version < '3.11' and sys_platform == 'darwin'",
]
dependencies = [
    { name = "filelock", marker = "sys_platform == 'darwin'" },
    { name = "fsspec", marker = "sys_platform == 'darwin'" },
    { name = "jinja2", marker = "sys_platform == 'darwin'" },
    { name = "networkx", version = "3.4.2", source = { registry = "https://download.pytorch.org/whl/cpu" }, marker = "python_full_version < '3.11' and sys_platform == 'darwin'" },
    { name = "networkx", version = "3.6.1", source = { registry = "https://download.pytorch.org/whl/cpu" }, marker = "python_full_version >= '3.11' and sys_platform == 'darwin'" },
    { name = "setuptools", marker = "sys_platform == 'darwin'" },
    { name = "sympy", marker = "sys_platform == 'darwin'" },
    { name = "typing-extensions", marker = "sys_platform == 'darwin'" },
]
wheels = [
    { url = "https://download-r2.pytorch.org/whl/cpu/torch-2.11.0-cp310-cp310-macosx_11_0_arm64.whl", hash = "sha256:91209c7d8a2460b76e8ff5b28b7623da4ab1d27474b79e1de83e954871985afe" },
    { url = "https://download-r2.pytorch.org/whl/cpu/torch-2.11.0-cp311-cp311-macosx_11_0_arm64.whl", hash = "sha256:d75eadcd97fe0dc7cd0eedc4d72152484c19cb2cfe46ce55766c8e129116425f" },
    { url = "https://download-r2.pytorch.org/whl/cpu/torch-2.11.0-cp312-cp312-macosx_11_0_arm64.whl", hash = "sha256:43b35116802c85fb88d99f4a396b8bd4472bfca1dd82e69499e5a4f9b8b4e252" },
    { url = "https://download-r2.pytorch.org/whl/cpu/torch-2.11.0-cp313-cp313-macosx_11_0_arm64.whl", hash = "sha256:442ec9dc78592564fdad69cf0beaa9da2f82ab810ccb4f13903869a90bf3f15d" },
    { url = "https://download-r2.pytorch.org/whl/cpu/torch-2.11.0-cp313-cp313t-macosx_11_0_arm64.whl", hash = "sha256:cc3a195701bba2239c313ee311487f80f8aaebe9e89b9073dddbcf2f93b5a0ba" },
    { url = "https://download-r2.pytorch.org/whl/cpu/torch-2.11.0-cp314-cp314-macosx_11_0_arm64.whl", hash = "sha256:072a0d6e4865e8b0dc0dbfe6ebed68fae235124222835ef03e5814d414d8c012" },
    { url = "https://download-r2.pytorch.org/whl/cpu/torch-2.11.0-cp314-cp314t-macosx_11_0_arm64.whl", hash = "sha256:23ec7789017da9d95b6d543d790814785e6f30905c5443efa8257d1490d73f79" },
]

[[package]]
name = "torch"
version = "2.11.0+cpu"
source = { registry = "https://download.pytorch.org/whl/cpu" }
resolution-markers = [
    "python_full_version >= '3.11' and sys_platform != 'darwin'",
    "python_full_version < '3.11' and sys_platform != 'darwin'",
]
dependencies = [
    { name = "filelock", marker = "sys_platform != 'darwin'" },
    { name = "fsspec", marker = "sys_platform != 'darwin'" },
    { name = "jinja2", marker = "sys_platform != 'darwin'" },
    { name = "networkx", version = "3.4.2", source = { registry = "https://download.pytorch.org/whl/cpu" }, marker = "python_full_version < '3.11' and sys_platform != 'darwin'" },
    { name = "networkx", version = "3.6.1", source = { registry = "https://download.pytorch.org/whl/cpu" }, marker = "python_full_version >= '3.11' and sys_platform != 'darwin'" },
    { name = "setuptools", marker = "sys_platform != 'darwin'" },
    { name = "sympy", marker = "sys_platform != 'darwin'" },
    { name = "typing-extensions", marker = "sys_platform != 'darwin'" },
]
wheels = [
    { url = "https://download-r2.pytorch.org/whl/cpu/torch-2.11.0%2Bcpu-cp310-cp310-linux_s390x.whl" },
    { url = "https://download-r2.pytorch.org/whl/cpu/torch-2.11.0%2Bcpu-cp310-cp310-manylinux_2_28_aarch64.whl" },
    { url = "https://download-r2.pytorch.org/whl/cpu/torch-2.11.0%2Bcpu-cp310-cp310-manylinux_2_28_x86_64.whl" },
    { url = "https://download-r2.pytorch.org/whl/cpu/torch-2.11.0%2Bcpu-cp310-cp310-win_amd64.whl" },
    { url = "https://download-r2.pytorch.org/whl/cpu/torch-2.11.0%2Bcpu-cp311-cp311-linux_s390x.whl" },
    { url = "https://download-r2.pytorch.org/whl/cpu/torch-2.11.0%2Bcpu-cp311-cp311-manylinux_2_28_aarch64.whl" },
    { url = "https://download-r2.pytorch.org/whl/cpu/torch-2.11.0%2Bcpu-cp311-cp311-manylinux_2_28_x86_64.whl" },
    { url = "https://download-r2.pytorch.org/whl/cpu/torch-2.11.0%2Bcpu-cp311-cp311-win_amd64.whl" },
    { url = "https://download-r2.pytorch.org/whl/cpu/torch-2.11.0%2Bcpu-cp312-cp312-linux_s390x.whl" },
    { url = "https://download-r2.pytorch.org/whl/cpu/torch-2.11.0%2Bcpu-cp312-cp312-manylinux_2_28_aarch64.whl" },
    { url = "https://download-r2.pytorch.org/whl/cpu/torch-2.11.0%2Bcpu-cp312-cp312-manylinux_2_28_x86_64.whl" },
    { url = "https://download-r2.pytorch.org/whl/cpu/torch-2.11.0%2Bcpu-cp312-cp312-win_amd64.whl" },
    { url = "https://download-r2.pytorch.org/whl/cpu/torch-2.11.0%2Bcpu-cp313-cp313-linux_s390x.whl" },
    { url = "https://download-r2.pytorch.org/whl/cpu/torch-2.11.0%2Bcpu-cp313-cp313-manylinux_2_28_aarch64.whl" },
    { url = "https://download-r2.pytorch.org/whl/cpu/torch-2.11.0%2Bcpu-cp313-cp313-manylinux_2_28_x86_64.whl" },
    { url = "https://download-r2.pytorch.org/whl/cpu/torch-2.11.0%2Bcpu-cp313-cp313-win_amd64.whl" },
    { url = "https://download-r2.pytorch.org/whl/cpu/torch-2.11.0%2Bcpu-cp313-cp313t-linux_s390x.whl" },
    { url = "https://download-r2.pytorch.org/whl/cpu/torch-2.11.0%2Bcpu-cp313-cp313t-manylinux_2_28_aarch64.whl" },
    { url = "https://download-r2.pytorch.org/whl/cpu/torch-2.11.0%2Bcpu-cp313-cp313t-manylinux_2_28_x86_64.whl" },
    { url = "https://download-r2.pytorch.org/whl/cpu/torch-2.11.0%2Bcpu-cp313-cp313t-win_amd64.whl" },
    { url = "https://download-r2.pytorch.org/whl/cpu/torch-2.11.0%2Bcpu-cp314-cp314-linux_s390x.whl" },
    { url = "https://download-r2.pytorch.org/whl/cpu/torch-2.11.0%2Bcpu-cp314-cp314-manylinux_2_28_aarch64.whl" },
    { url = "https://download-r2.pytorch.org/whl/cpu/torch-2.11.0%2Bcpu-cp314-cp314-manylinux_2_28_x86_64.whl" },
    { url = "https://download-r2.pytorch.org/whl/cpu/torch-2.11.0%2Bcpu-cp314-cp314-win_amd64.whl" },
    { url = "https://download-r2.pytorch.org/whl/cpu/torch-2.11.0%2Bcpu-cp314-cp314t-linux_s390x.whl" },
    { url = "https://download-r2.pytorch.org/whl/cpu/torch-2.11.0%2Bcpu-cp314-cp314t-manylinux_2_28_aarch64.whl" },
    { url = "https://download-r2.pytorch.org/whl/cpu/torch-2.11.0%2Bcpu-cp314-cp314t-manylinux_2_28_x86_64.whl" },
    { url = "https://download-r2.pytorch.org/whl/cpu/torch-2.11.0%2Bcpu-cp314-cp314t-win_amd64.whl" },
]

[[package]]
name = "typing-extensions"
version = "4.15.0"
source = { registry = "https://download.pytorch.org/whl/cpu" }
wheels = [
    { url = "https://download.pytorch.org/whl/typing_extensions-4.15.0-py3-none-any.whl" },
]
